
Microsoft Visual Studio Solution File, Format Version 12.00
# Visual Studio 15
VisualStudioVersion = 15.0.27110.0
MinimumVisualStudioVersion = 10.0.40219.1
Project("{FAE04EC0-301F-11D3-BF4B-00C04F79EFBC}") = "PackageExplorer", "PackageExplorer\PackageExplorer.csproj", "{3B56B367-7763-4F70-9933-2B8B23718A0D}"
EndProject
Project("{9A19103F-16F7-4668-BE54-9A1E7A4F7556}") = "PackageViewModel", "PackageViewModel\PackageViewModel.csproj", "{A1E66420-E485-4719-A37F-5B49AAFB43AB}"
EndProject
Project("{9A19103F-16F7-4668-BE54-9A1E7A4F7556}") = "Core", "Core\Core.csproj", "{57B4C84E-427E-4041-A4E0-14A3C00E6BA5}"
EndProject
Project("{2150E333-8FDC-42A3-9474-1A3956D46DE8}") = "Common", "Common", "{32DED69B-057F-4E5E-B171-A9B1557CA2BC}"
	ProjectSection(SolutionItems) = preProject
		Build\Build.proj = Build\Build.proj
		Common\CommonAssemblyInfo.cs = Common\CommonAssemblyInfo.cs
		Directory.Build.props = Directory.Build.props
	EndProjectSection
EndProject
Project("{9A19103F-16F7-4668-BE54-9A1E7A4F7556}") = "Types", "Types\Types.csproj", "{E2EEEC5A-6A07-447E-9E95-C14307F57EDE}"
EndProject
Project("{9A19103F-16F7-4668-BE54-9A1E7A4F7556}") = "CodeExecutor", "CodeExecutor\CodeExecutor.csproj", "{0DE0AF9F-4D53-4900-8D15-F02C3542584F}"
EndProject
Project("{2150E333-8FDC-42A3-9474-1A3956D46DE8}") = "Solution Items", "Solution Items", "{9BCEC868-73D3-4393-8099-D4DF2DC6DB74}"
	ProjectSection(SolutionItems) = preProject
		appveyor.yml = appveyor.yml
		LICENSE = LICENSE
		README-developers.md = README-developers.md
		README.md = README.md
		version.json = version.json
	EndProjectSection
EndProject
Project("{262852C6-CD72-467D-83FE-5EEB1973A190}") = "PackageExplorer.Package", "PackageExplorer.Package\PackageExplorer.Package.jsproj", "{508894A9-D8B9-4A24-90E9-4E25C801329B}"
	ProjectSection(ProjectDependencies) = postProject
		{3B56B367-7763-4F70-9933-2B8B23718A0D} = {3B56B367-7763-4F70-9933-2B8B23718A0D}
	EndProjectSection
EndProject
Project("{262852C6-CD72-467D-83FE-5EEB1973A190}") = "PackageExplorer.Package.Nightly", "PackageExplorer.Package.Nightly\PackageExplorer.Package.Nightly.jsproj", "{508894A9-D8B9-4A24-90E9-4E25C801329C}"
	ProjectSection(ProjectDependencies) = postProject
		{3B56B367-7763-4F70-9933-2B8B23718A0D} = {3B56B367-7763-4F70-9933-2B8B23718A0D}
	EndProjectSection
EndProject
Global
	GlobalSection(SolutionConfigurationPlatforms) = preSolution
		Debug|Any CPU = Debug|Any CPU
		Debug|ARM = Debug|ARM
		Debug|x64 = Debug|x64
		Debug|x86 = Debug|x86
		Release|Any CPU = Release|Any CPU
		Release|ARM = Release|ARM
		Release|x64 = Release|x64
		Release|x86 = Release|x86
	EndGlobalSection
	GlobalSection(ProjectConfigurationPlatforms) = postSolution
		{3B56B367-7763-4F70-9933-2B8B23718A0D}.Debug|Any CPU.ActiveCfg = Debug|Any CPU
		{3B56B367-7763-4F70-9933-2B8B23718A0D}.Debug|Any CPU.Build.0 = Debug|Any CPU
		{3B56B367-7763-4F70-9933-2B8B23718A0D}.Debug|ARM.ActiveCfg = Debug|Any CPU
		{3B56B367-7763-4F70-9933-2B8B23718A0D}.Debug|ARM.Build.0 = Debug|Any CPU
		{3B56B367-7763-4F70-9933-2B8B23718A0D}.Debug|x64.ActiveCfg = Debug|Any CPU
		{3B56B367-7763-4F70-9933-2B8B23718A0D}.Debug|x64.Build.0 = Debug|Any CPU
		{3B56B367-7763-4F70-9933-2B8B23718A0D}.Debug|x86.ActiveCfg = Debug|x86
		{3B56B367-7763-4F70-9933-2B8B23718A0D}.Debug|x86.Build.0 = Debug|x86
		{3B56B367-7763-4F70-9933-2B8B23718A0D}.Release|Any CPU.ActiveCfg = Release|Any CPU
		{3B56B367-7763-4F70-9933-2B8B23718A0D}.Release|Any CPU.Build.0 = Release|Any CPU
		{3B56B367-7763-4F70-9933-2B8B23718A0D}.Release|ARM.ActiveCfg = Release|Any CPU
		{3B56B367-7763-4F70-9933-2B8B23718A0D}.Release|ARM.Build.0 = Release|Any CPU
		{3B56B367-7763-4F70-9933-2B8B23718A0D}.Release|x64.ActiveCfg = Release|Any CPU
		{3B56B367-7763-4F70-9933-2B8B23718A0D}.Release|x64.Build.0 = Release|Any CPU
		{3B56B367-7763-4F70-9933-2B8B23718A0D}.Release|x86.ActiveCfg = Release|x86
		{3B56B367-7763-4F70-9933-2B8B23718A0D}.Release|x86.Build.0 = Release|x86
		{A1E66420-E485-4719-A37F-5B49AAFB43AB}.Debug|Any CPU.ActiveCfg = Debug|Any CPU
		{A1E66420-E485-4719-A37F-5B49AAFB43AB}.Debug|Any CPU.Build.0 = Debug|Any CPU
		{A1E66420-E485-4719-A37F-5B49AAFB43AB}.Debug|ARM.ActiveCfg = Debug|Any CPU
		{A1E66420-E485-4719-A37F-5B49AAFB43AB}.Debug|ARM.Build.0 = Debug|Any CPU
		{A1E66420-E485-4719-A37F-5B49AAFB43AB}.Debug|x64.ActiveCfg = Debug|Any CPU
		{A1E66420-E485-4719-A37F-5B49AAFB43AB}.Debug|x64.Build.0 = Debug|Any CPU
		{A1E66420-E485-4719-A37F-5B49AAFB43AB}.Debug|x86.ActiveCfg = Debug|Any CPU
		{A1E66420-E485-4719-A37F-5B49AAFB43AB}.Debug|x86.Build.0 = Debug|Any CPU
		{A1E66420-E485-4719-A37F-5B49AAFB43AB}.Release|Any CPU.ActiveCfg = Release|Any CPU
		{A1E66420-E485-4719-A37F-5B49AAFB43AB}.Release|Any CPU.Build.0 = Release|Any CPU
		{A1E66420-E485-4719-A37F-5B49AAFB43AB}.Release|ARM.ActiveCfg = Release|Any CPU
		{A1E66420-E485-4719-A37F-5B49AAFB43AB}.Release|ARM.Build.0 = Release|Any CPU
		{A1E66420-E485-4719-A37F-5B49AAFB43AB}.Release|x64.ActiveCfg = Release|Any CPU
		{A1E66420-E485-4719-A37F-5B49AAFB43AB}.Release|x64.Build.0 = Release|Any CPU
		{A1E66420-E485-4719-A37F-5B49AAFB43AB}.Release|x86.ActiveCfg = Release|Any CPU
		{A1E66420-E485-4719-A37F-5B49AAFB43AB}.Release|x86.Build.0 = Release|Any CPU
		{57B4C84E-427E-4041-A4E0-14A3C00E6BA5}.Debug|Any CPU.ActiveCfg = Debug|Any CPU
		{57B4C84E-427E-4041-A4E0-14A3C00E6BA5}.Debug|Any CPU.Build.0 = Debug|Any CPU
		{57B4C84E-427E-4041-A4E0-14A3C00E6BA5}.Debug|ARM.ActiveCfg = Debug|Any CPU
		{57B4C84E-427E-4041-A4E0-14A3C00E6BA5}.Debug|ARM.Build.0 = Debug|Any CPU
		{57B4C84E-427E-4041-A4E0-14A3C00E6BA5}.Debug|x64.ActiveCfg = Debug|Any CPU
		{57B4C84E-427E-4041-A4E0-14A3C00E6BA5}.Debug|x64.Build.0 = Debug|Any CPU
		{57B4C84E-427E-4041-A4E0-14A3C00E6BA5}.Debug|x86.ActiveCfg = Debug|Any CPU
		{57B4C84E-427E-4041-A4E0-14A3C00E6BA5}.Debug|x86.Build.0 = Debug|Any CPU
		{57B4C84E-427E-4041-A4E0-14A3C00E6BA5}.Release|Any CPU.ActiveCfg = Release|Any CPU
		{57B4C84E-427E-4041-A4E0-14A3C00E6BA5}.Release|Any CPU.Build.0 = Release|Any CPU
		{57B4C84E-427E-4041-A4E0-14A3C00E6BA5}.Release|ARM.ActiveCfg = Release|Any CPU
		{57B4C84E-427E-4041-A4E0-14A3C00E6BA5}.Release|ARM.Build.0 = Release|Any CPU
		{57B4C84E-427E-4041-A4E0-14A3C00E6BA5}.Release|x64.ActiveCfg = Release|Any CPU
		{57B4C84E-427E-4041-A4E0-14A3C00E6BA5}.Release|x64.Build.0 = Release|Any CPU
		{57B4C84E-427E-4041-A4E0-14A3C00E6BA5}.Release|x86.ActiveCfg = Release|Any CPU
		{57B4C84E-427E-4041-A4E0-14A3C00E6BA5}.Release|x86.Build.0 = Release|Any CPU
		{E2EEEC5A-6A07-447E-9E95-C14307F57EDE}.Debug|Any CPU.ActiveCfg = Debug|Any CPU
		{E2EEEC5A-6A07-447E-9E95-C14307F57EDE}.Debug|Any CPU.Build.0 = Debug|Any CPU
		{E2EEEC5A-6A07-447E-9E95-C14307F57EDE}.Debug|ARM.ActiveCfg = Debug|Any CPU
		{E2EEEC5A-6A07-447E-9E95-C14307F57EDE}.Debug|ARM.Build.0 = Debug|Any CPU
		{E2EEEC5A-6A07-447E-9E95-C14307F57EDE}.Debug|x64.ActiveCfg = Debug|Any CPU
		{E2EEEC5A-6A07-447E-9E95-C14307F57EDE}.Debug|x64.Build.0 = Debug|Any CPU
		{E2EEEC5A-6A07-447E-9E95-C14307F57EDE}.Debug|x86.ActiveCfg = Debug|Any CPU
		{E2EEEC5A-6A07-447E-9E95-C14307F57EDE}.Debug|x86.Build.0 = Debug|Any CPU
		{E2EEEC5A-6A07-447E-9E95-C14307F57EDE}.Release|Any CPU.ActiveCfg = Release|Any CPU
		{E2EEEC5A-6A07-447E-9E95-C14307F57EDE}.Release|Any CPU.Build.0 = Release|Any CPU
		{E2EEEC5A-6A07-447E-9E95-C14307F57EDE}.Release|ARM.ActiveCfg = Release|Any CPU
		{E2EEEC5A-6A07-447E-9E95-C14307F57EDE}.Release|ARM.Build.0 = Release|Any CPU
		{E2EEEC5A-6A07-447E-9E95-C14307F57EDE}.Release|x64.ActiveCfg = Release|Any CPU
		{E2EEEC5A-6A07-447E-9E95-C14307F57EDE}.Release|x64.Build.0 = Release|Any CPU
		{E2EEEC5A-6A07-447E-9E95-C14307F57EDE}.Release|x86.ActiveCfg = Release|Any CPU
		{E2EEEC5A-6A07-447E-9E95-C14307F57EDE}.Release|x86.Build.0 = Release|Any CPU
		{0DE0AF9F-4D53-4900-8D15-F02C3542584F}.Debug|Any CPU.ActiveCfg = Debug|Any CPU
		{0DE0AF9F-4D53-4900-8D15-F02C3542584F}.Debug|Any CPU.Build.0 = Debug|Any CPU
		{0DE0AF9F-4D53-4900-8D15-F02C3542584F}.Debug|ARM.ActiveCfg = Debug|Any CPU
		{0DE0AF9F-4D53-4900-8D15-F02C3542584F}.Debug|ARM.Build.0 = Debug|Any CPU
		{0DE0AF9F-4D53-4900-8D15-F02C3542584F}.Debug|x64.ActiveCfg = Debug|Any CPU
		{0DE0AF9F-4D53-4900-8D15-F02C3542584F}.Debug|x64.Build.0 = Debug|Any CPU
		{0DE0AF9F-4D53-4900-8D15-F02C3542584F}.Debug|x86.ActiveCfg = Debug|Any CPU
		{0DE0AF9F-4D53-4900-8D15-F02C3542584F}.Debug|x86.Build.0 = Debug|Any CPU
		{0DE0AF9F-4D53-4900-8D15-F02C3542584F}.Release|Any CPU.ActiveCfg = Release|Any CPU
		{0DE0AF9F-4D53-4900-8D15-F02C3542584F}.Release|Any CPU.Build.0 = Release|Any CPU
		{0DE0AF9F-4D53-4900-8D15-F02C3542584F}.Release|ARM.ActiveCfg = Release|Any CPU
		{0DE0AF9F-4D53-4900-8D15-F02C3542584F}.Release|ARM.Build.0 = Release|Any CPU
		{0DE0AF9F-4D53-4900-8D15-F02C3542584F}.Release|x64.ActiveCfg = Release|Any CPU
		{0DE0AF9F-4D53-4900-8D15-F02C3542584F}.Release|x64.Build.0 = Release|Any CPU
		{0DE0AF9F-4D53-4900-8D15-F02C3542584F}.Release|x86.ActiveCfg = Release|Any CPU
		{0DE0AF9F-4D53-4900-8D15-F02C3542584F}.Release|x86.Build.0 = Release|Any CPU
		{508894A9-D8B9-4A24-90E9-4E25C801329B}.Debug|Any CPU.ActiveCfg = Debug|Any CPU
		{508894A9-D8B9-4A24-90E9-4E25C801329B}.Debug|Any CPU.Build.0 = Debug|Any CPU
		{508894A9-D8B9-4A24-90E9-4E25C801329B}.Debug|Any CPU.Deploy.0 = Debug|Any CPU
		{508894A9-D8B9-4A24-90E9-4E25C801329B}.Debug|ARM.ActiveCfg = Debug|ARM
		{508894A9-D8B9-4A24-90E9-4E25C801329B}.Debug|ARM.Build.0 = Debug|ARM
		{508894A9-D8B9-4A24-90E9-4E25C801329B}.Debug|ARM.Deploy.0 = Debug|ARM
		{508894A9-D8B9-4A24-90E9-4E25C801329B}.Debug|x64.ActiveCfg = Debug|x64
		{508894A9-D8B9-4A24-90E9-4E25C801329B}.Debug|x64.Build.0 = Debug|x64
		{508894A9-D8B9-4A24-90E9-4E25C801329B}.Debug|x64.Deploy.0 = Debug|x64
		{508894A9-D8B9-4A24-90E9-4E25C801329B}.Debug|x86.ActiveCfg = Debug|x86
		{508894A9-D8B9-4A24-90E9-4E25C801329B}.Debug|x86.Build.0 = Debug|x86
		{508894A9-D8B9-4A24-90E9-4E25C801329B}.Debug|x86.Deploy.0 = Debug|x86
		{508894A9-D8B9-4A24-90E9-4E25C801329B}.Release|Any CPU.ActiveCfg = Release|Any CPU
		{508894A9-D8B9-4A24-90E9-4E25C801329B}.Release|Any CPU.Build.0 = Release|Any CPU
		{508894A9-D8B9-4A24-90E9-4E25C801329B}.Release|Any CPU.Deploy.0 = Release|Any CPU
		{508894A9-D8B9-4A24-90E9-4E25C801329B}.Release|ARM.ActiveCfg = Release|ARM
		{508894A9-D8B9-4A24-90E9-4E25C801329B}.Release|ARM.Build.0 = Release|ARM
		{508894A9-D8B9-4A24-90E9-4E25C801329B}.Release|ARM.Deploy.0 = Release|ARM
		{508894A9-D8B9-4A24-90E9-4E25C801329B}.Release|x64.ActiveCfg = Release|x64
		{508894A9-D8B9-4A24-90E9-4E25C801329B}.Release|x64.Build.0 = Release|x64
		{508894A9-D8B9-4A24-90E9-4E25C801329B}.Release|x64.Deploy.0 = Release|x64
		{508894A9-D8B9-4A24-90E9-4E25C801329B}.Release|x86.ActiveCfg = Release|x86
		{508894A9-D8B9-4A24-90E9-4E25C801329B}.Release|x86.Build.0 = Release|x86
		{508894A9-D8B9-4A24-90E9-4E25C801329B}.Release|x86.Deploy.0 = Release|x86
		{508894A9-D8B9-4A24-90E9-4E25C801329C}.Debug|Any CPU.ActiveCfg = Debug|Any CPU
		{508894A9-D8B9-4A24-90E9-4E25C801329C}.Debug|Any CPU.Build.0 = Debug|Any CPU
		{508894A9-D8B9-4A24-90E9-4E25C801329C}.Debug|Any CPU.Deploy.0 = Debug|Any CPU
		{508894A9-D8B9-4A24-90E9-4E25C801329C}.Debug|ARM.ActiveCfg = Debug|ARM
		{508894A9-D8B9-4A24-90E9-4E25C801329C}.Debug|ARM.Build.0 = Debug|ARM
		{508894A9-D8B9-4A24-90E9-4E25C801329C}.Debug|ARM.Deploy.0 = Debug|ARM
		{508894A9-D8B9-4A24-90E9-4E25C801329C}.Debug|x64.ActiveCfg = Debug|x64
		{508894A9-D8B9-4A24-90E9-4E25C801329C}.Debug|x64.Build.0 = Debug|x64
		{508894A9-D8B9-4A24-90E9-4E25C801329C}.Debug|x64.Deploy.0 = Debug|x64
		{508894A9-D8B9-4A24-90E9-4E25C801329C}.Debug|x86.ActiveCfg = Debug|x86
		{508894A9-D8B9-4A24-90E9-4E25C801329C}.Debug|x86.Build.0 = Debug|x86
		{508894A9-D8B9-4A24-90E9-4E25C801329C}.Debug|x86.Deploy.0 = Debug|x86
		{508894A9-D8B9-4A24-90E9-4E25C801329C}.Release|Any CPU.ActiveCfg = Release|Any CPU
		{508894A9-D8B9-4A24-90E9-4E25C801329C}.Release|Any CPU.Build.0 = Release|Any CPU
		{508894A9-D8B9-4A24-90E9-4E25C801329C}.Release|Any CPU.Deploy.0 = Release|Any CPU
		{508894A9-D8B9-4A24-90E9-4E25C801329C}.Release|ARM.ActiveCfg = Release|ARM
		{508894A9-D8B9-4A24-90E9-4E25C801329C}.Release|ARM.Build.0 = Release|ARM
		{508894A9-D8B9-4A24-90E9-4E25C801329C}.Release|ARM.Deploy.0 = Release|ARM
		{508894A9-D8B9-4A24-90E9-4E25C801329C}.Release|x64.ActiveCfg = Release|x64
		{508894A9-D8B9-4A24-90E9-4E25C801329C}.Release|x64.Build.0 = Release|x64
		{508894A9-D8B9-4A24-90E9-4E25C801329C}.Release|x64.Deploy.0 = Release|x64
		{508894A9-D8B9-4A24-90E9-4E25C801329C}.Release|x86.ActiveCfg = Release|x86
		{508894A9-D8B9-4A24-90E9-4E25C801329C}.Release|x86.Build.0 = Release|x86
		{508894A9-D8B9-4A24-90E9-4E25C801329C}.Release|x86.Deploy.0 = Release|x86
	EndGlobalSection
	GlobalSection(SolutionProperties) = preSolution
		HideSolutionNode = FALSE
	EndGlobalSection
	GlobalSection(ExtensibilityGlobals) = postSolution
		SolutionGuid = {23EC8E7E-FE69-480B-A23A-D5C7F1E1FFFC}
	EndGlobalSection
EndGlobal
