Microsoft Visual Studio Solution File, Format Version 12.00
# Visual Studio Version 16
VisualStudioVersion = 16.0.29920.165
MinimumVisualStudioVersion = 15.0.26124.0
Project("{D954291E-2A0B-460D-934E-DC6B0785DB48}") = "NuGetPackageExplorer.Shared", "NuGetPackageExplorer.Shared\NuGetPackageExplorer.Shared.shproj", "{6279C845-92F8-4333-AB99-3D213163593C}"
EndProject
Project("{FAE04EC0-301F-11D3-BF4B-00C04F79EFBC}") = "NuGetPackageExplorer.Wasm", "NuGetPackageExplorer.Wasm\NuGetPackageExplorer.Wasm.csproj", "{40EA03F7-8A22-4143-B251-79BAC3EB13D2}"
EndProject
Global
	GlobalSection(SharedMSBuildProjectFiles) = preSolution
		NuGetPackageExplorer.Shared\NuGetPackageExplorer.Shared.projitems*{1aa13270-f438-4864-9435-54fd806e10ea}*SharedItemsImports = 5
		NuGetPackageExplorer.Shared\NuGetPackageExplorer.Shared.projitems*{10D2DA92-93AC-4600-8096-F506771A6875}*SharedItemsImports = 4
		NuGetPackageExplorer.Shared\NuGetPackageExplorer.Shared.projitems*{40ea03f7-8a22-4143-b251-79bac3eb13d2}*SharedItemsImports = 5
		NuGetPackageExplorer.Shared\NuGetPackageExplorer.Shared.projitems*{0E324528-5D17-4686-A38F-D32FA6EBCAF8}*SharedItemsImports = 5
		NuGetPackageExplorer.Shared\NuGetPackageExplorer.Shared.projitems*{6279c845-92f8-4333-ab99-3d213163593c}*SharedItemsImports = 13
		NuGetPackageExplorer.Shared\NuGetPackageExplorer.Shared.projitems*{B276A29F-E9B3-46CA-8459-998222DCD7B7}*SharedItemsImports = 4
		NuGetPackageExplorer.Shared\NuGetPackageExplorer.Shared.projitems*{09BE2200-32D3-4B2E-9434-4DA2BA58BC53}*SharedItemsImports = 4
		NuGetPackageExplorer.Shared\NuGetPackageExplorer.Shared.projitems*{a5b8155a-118f-4794-b551-c6f3cf7e5411}*SharedItemsImports = 5
		NuGetPackageExplorer.Shared\NuGetPackageExplorer.Shared.projitems*{AFA91269-1068-409B-84C1-54729751DFFA}*SharedItemsImports = 4
	EndGlobalSection
	GlobalSection(SolutionConfigurationPlatforms) = preSolution
		Debug|Any CPU = Debug|Any CPU
		Debug|ARM = Debug|ARM
		Debug|ARM64 = Debug|ARM64
		Debug|iPhone = Debug|iPhone
		Debug|iPhoneSimulator = Debug|iPhoneSimulator
		Debug|x64 = Debug|x64
		Debug|x86 = Debug|x86
		Release|Any CPU = Release|Any CPU
		Release|ARM = Release|ARM
		Release|ARM64 = Release|ARM64
		Release|iPhone = Release|iPhone
		Release|iPhoneSimulator = Release|iPhoneSimulator
		Release|x64 = Release|x64
		Release|x86 = Release|x86
	EndGlobalSection
	GlobalSection(ProjectConfigurationPlatforms) = postSolution
		{AFA91269-1068-409B-84C1-54729751DFFA}.Debug|Any CPU.ActiveCfg = Debug|Any CPU
		{AFA91269-1068-409B-84C1-54729751DFFA}.Debug|Any CPU.Build.0 = Debug|Any CPU
		{AFA91269-1068-409B-84C1-54729751DFFA}.Debug|Any CPU.Deploy.0 = Debug|Any CPU
		{AFA91269-1068-409B-84C1-54729751DFFA}.Debug|ARM.ActiveCfg = Debug|Any CPU
		{AFA91269-1068-409B-84C1-54729751DFFA}.Debug|ARM.Build.0 = Debug|Any CPU
		{AFA91269-1068-409B-84C1-54729751DFFA}.Debug|ARM.Deploy.0 = Debug|Any CPU
		{AFA91269-1068-409B-84C1-54729751DFFA}.Debug|ARM64.ActiveCfg = Debug|Any CPU
		{AFA91269-1068-409B-84C1-54729751DFFA}.Debug|ARM64.Build.0 = Debug|Any CPU
		{AFA91269-1068-409B-84C1-54729751DFFA}.Debug|ARM64.Deploy.0 = Debug|Any CPU
		{AFA91269-1068-409B-84C1-54729751DFFA}.Debug|iPhone.ActiveCfg = Debug|Any CPU
		{AFA91269-1068-409B-84C1-54729751DFFA}.Debug|iPhone.Build.0 = Debug|Any CPU
		{AFA91269-1068-409B-84C1-54729751DFFA}.Debug|iPhone.Deploy.0 = Debug|Any CPU
		{AFA91269-1068-409B-84C1-54729751DFFA}.Debug|iPhoneSimulator.ActiveCfg = Debug|Any CPU
		{AFA91269-1068-409B-84C1-54729751DFFA}.Debug|iPhoneSimulator.Build.0 = Debug|Any CPU
		{AFA91269-1068-409B-84C1-54729751DFFA}.Debug|iPhoneSimulator.Deploy.0 = Debug|Any CPU
		{AFA91269-1068-409B-84C1-54729751DFFA}.Debug|x64.ActiveCfg = Debug|Any CPU
		{AFA91269-1068-409B-84C1-54729751DFFA}.Debug|x64.Build.0 = Debug|Any CPU
		{AFA91269-1068-409B-84C1-54729751DFFA}.Debug|x64.Deploy.0 = Debug|Any CPU
		{AFA91269-1068-409B-84C1-54729751DFFA}.Debug|x86.ActiveCfg = Debug|Any CPU
		{AFA91269-1068-409B-84C1-54729751DFFA}.Debug|x86.Build.0 = Debug|Any CPU
		{AFA91269-1068-409B-84C1-54729751DFFA}.Debug|x86.Deploy.0 = Debug|Any CPU
		{AFA91269-1068-409B-84C1-54729751DFFA}.Release|Any CPU.ActiveCfg = Release|Any CPU
		{AFA91269-1068-409B-84C1-54729751DFFA}.Release|Any CPU.Build.0 = Release|Any CPU
		{AFA91269-1068-409B-84C1-54729751DFFA}.Release|Any CPU.Deploy.0 = Release|Any CPU
		{AFA91269-1068-409B-84C1-54729751DFFA}.Release|ARM.ActiveCfg = Release|Any CPU
		{AFA91269-1068-409B-84C1-54729751DFFA}.Release|ARM.Build.0 = Release|Any CPU
		{AFA91269-1068-409B-84C1-54729751DFFA}.Release|ARM.Deploy.0 = Release|Any CPU
		{AFA91269-1068-409B-84C1-54729751DFFA}.Release|ARM64.ActiveCfg = Release|Any CPU
		{AFA91269-1068-409B-84C1-54729751DFFA}.Release|ARM64.Build.0 = Release|Any CPU
		{AFA91269-1068-409B-84C1-54729751DFFA}.Release|ARM64.Deploy.0 = Release|Any CPU
		{AFA91269-1068-409B-84C1-54729751DFFA}.Release|iPhone.ActiveCfg = Release|Any CPU
		{AFA91269-1068-409B-84C1-54729751DFFA}.Release|iPhone.Build.0 = Release|Any CPU
		{AFA91269-1068-409B-84C1-54729751DFFA}.Release|iPhone.Deploy.0 = Release|Any CPU
		{AFA91269-1068-409B-84C1-54729751DFFA}.Release|iPhoneSimulator.ActiveCfg = Release|Any CPU
		{AFA91269-1068-409B-84C1-54729751DFFA}.Release|iPhoneSimulator.Build.0 = Release|Any CPU
		{AFA91269-1068-409B-84C1-54729751DFFA}.Release|iPhoneSimulator.Deploy.0 = Release|Any CPU
		{AFA91269-1068-409B-84C1-54729751DFFA}.Release|x64.ActiveCfg = Release|Any CPU
		{AFA91269-1068-409B-84C1-54729751DFFA}.Release|x64.Build.0 = Release|Any CPU
		{AFA91269-1068-409B-84C1-54729751DFFA}.Release|x64.Deploy.0 = Release|Any CPU
		{AFA91269-1068-409B-84C1-54729751DFFA}.Release|x86.ActiveCfg = Release|Any CPU
		{AFA91269-1068-409B-84C1-54729751DFFA}.Release|x86.Build.0 = Release|Any CPU
		{AFA91269-1068-409B-84C1-54729751DFFA}.Release|x86.Deploy.0 = Release|Any CPU
		{09BE2200-32D3-4B2E-9434-4DA2BA58BC53}.Debug|Any CPU.ActiveCfg = Debug|iPhone
		{09BE2200-32D3-4B2E-9434-4DA2BA58BC53}.Debug|Any CPU.Build.0 = Debug|iPhone
		{09BE2200-32D3-4B2E-9434-4DA2BA58BC53}.Debug|Any CPU.Deploy.0 = Debug|iPhone
		{09BE2200-32D3-4B2E-9434-4DA2BA58BC53}.Debug|ARM.ActiveCfg = Debug|iPhone
		{09BE2200-32D3-4B2E-9434-4DA2BA58BC53}.Debug|ARM64.ActiveCfg = Debug|iPhone
		{09BE2200-32D3-4B2E-9434-4DA2BA58BC53}.Debug|iPhone.ActiveCfg = Debug|iPhone
		{09BE2200-32D3-4B2E-9434-4DA2BA58BC53}.Debug|iPhone.Build.0 = Debug|iPhone
		{09BE2200-32D3-4B2E-9434-4DA2BA58BC53}.Debug|iPhoneSimulator.ActiveCfg = Debug|iPhoneSimulator
		{09BE2200-32D3-4B2E-9434-4DA2BA58BC53}.Debug|iPhoneSimulator.Build.0 = Debug|iPhoneSimulator
		{09BE2200-32D3-4B2E-9434-4DA2BA58BC53}.Debug|x64.ActiveCfg = Debug|iPhone
		{09BE2200-32D3-4B2E-9434-4DA2BA58BC53}.Debug|x64.Build.0 = Debug|iPhone
		{09BE2200-32D3-4B2E-9434-4DA2BA58BC53}.Debug|x64.Deploy.0 = Debug|iPhone
		{09BE2200-32D3-4B2E-9434-4DA2BA58BC53}.Debug|x86.ActiveCfg = Debug|iPhoneSimulator
		{09BE2200-32D3-4B2E-9434-4DA2BA58BC53}.Debug|x86.Build.0 = Debug|iPhoneSimulator
		{09BE2200-32D3-4B2E-9434-4DA2BA58BC53}.Debug|x86.Deploy.0 = Debug|iPhoneSimulator
		{09BE2200-32D3-4B2E-9434-4DA2BA58BC53}.Release|Any CPU.ActiveCfg = Release|iPhone
		{09BE2200-32D3-4B2E-9434-4DA2BA58BC53}.Release|ARM.ActiveCfg = Release|iPhone
		{09BE2200-32D3-4B2E-9434-4DA2BA58BC53}.Release|ARM64.ActiveCfg = Release|iPhone
		{09BE2200-32D3-4B2E-9434-4DA2BA58BC53}.Release|iPhone.ActiveCfg = Release|iPhone
		{09BE2200-32D3-4B2E-9434-4DA2BA58BC53}.Release|iPhone.Build.0 = Release|iPhone
		{09BE2200-32D3-4B2E-9434-4DA2BA58BC53}.Release|iPhoneSimulator.ActiveCfg = Release|iPhoneSimulator
		{09BE2200-32D3-4B2E-9434-4DA2BA58BC53}.Release|iPhoneSimulator.Build.0 = Release|iPhoneSimulator
		{09BE2200-32D3-4B2E-9434-4DA2BA58BC53}.Release|x64.ActiveCfg = Release|iPhoneSimulator
		{09BE2200-32D3-4B2E-9434-4DA2BA58BC53}.Release|x64.Build.0 = Release|iPhoneSimulator
		{09BE2200-32D3-4B2E-9434-4DA2BA58BC53}.Release|x64.Deploy.0 = Release|iPhoneSimulator
		{09BE2200-32D3-4B2E-9434-4DA2BA58BC53}.Release|x86.ActiveCfg = Release|iPhoneSimulator
		{09BE2200-32D3-4B2E-9434-4DA2BA58BC53}.Release|x86.Build.0 = Release|iPhoneSimulator
		{B276A29F-E9B3-46CA-8459-998222DCD7B7}.Debug|Any CPU.ActiveCfg = Debug|x86
		{B276A29F-E9B3-46CA-8459-998222DCD7B7}.Debug|Any CPU.Build.0 = Debug|x86
		{B276A29F-E9B3-46CA-8459-998222DCD7B7}.Debug|Any CPU.Deploy.0 = Debug|x86
		{B276A29F-E9B3-46CA-8459-998222DCD7B7}.Debug|ARM.ActiveCfg = Debug|ARM
		{B276A29F-E9B3-46CA-8459-998222DCD7B7}.Debug|ARM.Build.0 = Debug|ARM
		{B276A29F-E9B3-46CA-8459-998222DCD7B7}.Debug|ARM.Deploy.0 = Debug|ARM
		{B276A29F-E9B3-46CA-8459-998222DCD7B7}.Debug|ARM64.ActiveCfg = Debug|ARM64
		{B276A29F-E9B3-46CA-8459-998222DCD7B7}.Debug|ARM64.Build.0 = Debug|ARM64
		{B276A29F-E9B3-46CA-8459-998222DCD7B7}.Debug|ARM64.Deploy.0 = Debug|ARM64
		{B276A29F-E9B3-46CA-8459-998222DCD7B7}.Debug|iPhone.ActiveCfg = Debug|x86
		{B276A29F-E9B3-46CA-8459-998222DCD7B7}.Debug|iPhone.Build.0 = Debug|x86
		{B276A29F-E9B3-46CA-8459-998222DCD7B7}.Debug|iPhone.Deploy.0 = Debug|x86
		{B276A29F-E9B3-46CA-8459-998222DCD7B7}.Debug|iPhoneSimulator.ActiveCfg = Debug|x86
		{B276A29F-E9B3-46CA-8459-998222DCD7B7}.Debug|iPhoneSimulator.Build.0 = Debug|x86
		{B276A29F-E9B3-46CA-8459-998222DCD7B7}.Debug|iPhoneSimulator.Deploy.0 = Debug|x86
		{B276A29F-E9B3-46CA-8459-998222DCD7B7}.Debug|x64.ActiveCfg = Debug|x64
		{B276A29F-E9B3-46CA-8459-998222DCD7B7}.Debug|x64.Build.0 = Debug|x64
		{B276A29F-E9B3-46CA-8459-998222DCD7B7}.Debug|x64.Deploy.0 = Debug|x64
		{B276A29F-E9B3-46CA-8459-998222DCD7B7}.Debug|x86.ActiveCfg = Debug|x86
		{B276A29F-E9B3-46CA-8459-998222DCD7B7}.Debug|x86.Build.0 = Debug|x86
		{B276A29F-E9B3-46CA-8459-998222DCD7B7}.Debug|x86.Deploy.0 = Debug|x86
		{B276A29F-E9B3-46CA-8459-998222DCD7B7}.Release|Any CPU.ActiveCfg = Release|x86
		{B276A29F-E9B3-46CA-8459-998222DCD7B7}.Release|ARM.ActiveCfg = Release|ARM
		{B276A29F-E9B3-46CA-8459-998222DCD7B7}.Release|ARM.Build.0 = Release|ARM
		{B276A29F-E9B3-46CA-8459-998222DCD7B7}.Release|ARM.Deploy.0 = Release|ARM
		{B276A29F-E9B3-46CA-8459-998222DCD7B7}.Release|ARM64.ActiveCfg = Release|ARM64
		{B276A29F-E9B3-46CA-8459-998222DCD7B7}.Release|ARM64.Build.0 = Release|ARM64
		{B276A29F-E9B3-46CA-8459-998222DCD7B7}.Release|ARM64.Deploy.0 = Release|ARM64
		{B276A29F-E9B3-46CA-8459-998222DCD7B7}.Release|iPhone.ActiveCfg = Release|x86
		{B276A29F-E9B3-46CA-8459-998222DCD7B7}.Release|iPhone.Build.0 = Release|x86
		{B276A29F-E9B3-46CA-8459-998222DCD7B7}.Release|iPhoneSimulator.ActiveCfg = Release|x86
		{B276A29F-E9B3-46CA-8459-998222DCD7B7}.Release|iPhoneSimulator.Build.0 = Release|x86
		{B276A29F-E9B3-46CA-8459-998222DCD7B7}.Release|iPhoneSimulator.Deploy.0 = Release|x86
		{B276A29F-E9B3-46CA-8459-998222DCD7B7}.Release|x64.ActiveCfg = Release|x64
		{B276A29F-E9B3-46CA-8459-998222DCD7B7}.Release|x64.Build.0 = Release|x64
		{B276A29F-E9B3-46CA-8459-998222DCD7B7}.Release|x64.Deploy.0 = Release|x64
		{B276A29F-E9B3-46CA-8459-998222DCD7B7}.Release|x86.ActiveCfg = Release|x86
		{B276A29F-E9B3-46CA-8459-998222DCD7B7}.Release|x86.Build.0 = Release|x86
		{B276A29F-E9B3-46CA-8459-998222DCD7B7}.Release|x86.Deploy.0 = Release|x86
		{0E324528-5D17-4686-A38F-D32FA6EBCAF8}.Debug|Any CPU.ActiveCfg = Debug|Any CPU
		{0E324528-5D17-4686-A38F-D32FA6EBCAF8}.Debug|Any CPU.Build.0 = Debug|Any CPU
		{0E324528-5D17-4686-A38F-D32FA6EBCAF8}.Debug|Any CPU.Deploy.0 = Debug|Any CPU
		{0E324528-5D17-4686-A38F-D32FA6EBCAF8}.Debug|ARM.ActiveCfg = Debug|Any CPU
		{0E324528-5D17-4686-A38F-D32FA6EBCAF8}.Debug|ARM.Build.0 = Debug|Any CPU
		{0E324528-5D17-4686-A38F-D32FA6EBCAF8}.Debug|ARM.Deploy.0 = Debug|Any CPU
		{0E324528-5D17-4686-A38F-D32FA6EBCAF8}.Debug|ARM64.ActiveCfg = Debug|Any CPU
		{0E324528-5D17-4686-A38F-D32FA6EBCAF8}.Debug|ARM64.Build.0 = Debug|Any CPU
		{0E324528-5D17-4686-A38F-D32FA6EBCAF8}.Debug|ARM64.Deploy.0 = Debug|Any CPU
		{0E324528-5D17-4686-A38F-D32FA6EBCAF8}.Debug|iPhone.ActiveCfg = Debug|Any CPU
		{0E324528-5D17-4686-A38F-D32FA6EBCAF8}.Debug|iPhone.Build.0 = Debug|Any CPU
		{0E324528-5D17-4686-A38F-D32FA6EBCAF8}.Debug|iPhone.Deploy.0 = Debug|Any CPU
		{0E324528-5D17-4686-A38F-D32FA6EBCAF8}.Debug|iPhoneSimulator.ActiveCfg = Debug|Any CPU
		{0E324528-5D17-4686-A38F-D32FA6EBCAF8}.Debug|iPhoneSimulator.Build.0 = Debug|Any CPU
		{0E324528-5D17-4686-A38F-D32FA6EBCAF8}.Debug|iPhoneSimulator.Deploy.0 = Debug|Any CPU
		{0E324528-5D17-4686-A38F-D32FA6EBCAF8}.Debug|x64.ActiveCfg = Debug|Any CPU
		{0E324528-5D17-4686-A38F-D32FA6EBCAF8}.Debug|x64.Build.0 = Debug|Any CPU
		{0E324528-5D17-4686-A38F-D32FA6EBCAF8}.Debug|x64.Deploy.0 = Debug|Any CPU
		{0E324528-5D17-4686-A38F-D32FA6EBCAF8}.Debug|x86.ActiveCfg = Debug|Any CPU
		{0E324528-5D17-4686-A38F-D32FA6EBCAF8}.Debug|x86.Build.0 = Debug|Any CPU
		{0E324528-5D17-4686-A38F-D32FA6EBCAF8}.Debug|x86.Deploy.0 = Debug|Any CPU
		{0E324528-5D17-4686-A38F-D32FA6EBCAF8}.Release|Any CPU.ActiveCfg = Release|Any CPU
		{0E324528-5D17-4686-A38F-D32FA6EBCAF8}.Release|Any CPU.Build.0 = Release|Any CPU
		{0E324528-5D17-4686-A38F-D32FA6EBCAF8}.Release|ARM.ActiveCfg = Release|Any CPU
		{0E324528-5D17-4686-A38F-D32FA6EBCAF8}.Release|ARM.Build.0 = Release|Any CPU
		{0E324528-5D17-4686-A38F-D32FA6EBCAF8}.Release|ARM.Deploy.0 = Release|Any CPU
		{0E324528-5D17-4686-A38F-D32FA6EBCAF8}.Release|ARM64.ActiveCfg = Release|Any CPU
		{0E324528-5D17-4686-A38F-D32FA6EBCAF8}.Release|ARM64.Build.0 = Release|Any CPU
		{0E324528-5D17-4686-A38F-D32FA6EBCAF8}.Release|ARM64.Deploy.0 = Release|Any CPU
		{0E324528-5D17-4686-A38F-D32FA6EBCAF8}.Release|iPhone.ActiveCfg = Release|Any CPU
		{0E324528-5D17-4686-A38F-D32FA6EBCAF8}.Release|iPhone.Build.0 = Release|Any CPU
		{0E324528-5D17-4686-A38F-D32FA6EBCAF8}.Release|iPhoneSimulator.ActiveCfg = Release|Any CPU
		{0E324528-5D17-4686-A38F-D32FA6EBCAF8}.Release|iPhoneSimulator.Build.0 = Release|Any CPU
		{0E324528-5D17-4686-A38F-D32FA6EBCAF8}.Release|iPhoneSimulator.Deploy.0 = Release|Any CPU
		{0E324528-5D17-4686-A38F-D32FA6EBCAF8}.Release|x64.ActiveCfg = Release|Any CPU
		{0E324528-5D17-4686-A38F-D32FA6EBCAF8}.Release|x64.Build.0 = Release|Any CPU
		{0E324528-5D17-4686-A38F-D32FA6EBCAF8}.Release|x64.Deploy.0 = Release|Any CPU
		{0E324528-5D17-4686-A38F-D32FA6EBCAF8}.Release|x86.ActiveCfg = Release|Any CPU
		{0E324528-5D17-4686-A38F-D32FA6EBCAF8}.Release|x86.Build.0 = Release|Any CPU
		{0E324528-5D17-4686-A38F-D32FA6EBCAF8}.Release|x86.Deploy.0 = Release|Any CPU
		{A5B8155A-118F-4794-B551-C6F3CF7E5411}.Debug|Any CPU.ActiveCfg = Debug|Any CPU
		{A5B8155A-118F-4794-B551-C6F3CF7E5411}.Debug|Any CPU.Build.0 = Debug|Any CPU
		{A5B8155A-118F-4794-B551-C6F3CF7E5411}.Debug|ARM.ActiveCfg = Debug|Any CPU
		{A5B8155A-118F-4794-B551-C6F3CF7E5411}.Debug|ARM.Build.0 = Debug|Any CPU
		{A5B8155A-118F-4794-B551-C6F3CF7E5411}.Debug|ARM64.ActiveCfg = Debug|Any CPU
		{A5B8155A-118F-4794-B551-C6F3CF7E5411}.Debug|ARM64.Build.0 = Debug|Any CPU
		{A5B8155A-118F-4794-B551-C6F3CF7E5411}.Debug|iPhone.ActiveCfg = Debug|Any CPU
		{A5B8155A-118F-4794-B551-C6F3CF7E5411}.Debug|iPhone.Build.0 = Debug|Any CPU
		{A5B8155A-118F-4794-B551-C6F3CF7E5411}.Debug|iPhoneSimulator.ActiveCfg = Debug|Any CPU
		{A5B8155A-118F-4794-B551-C6F3CF7E5411}.Debug|iPhoneSimulator.Build.0 = Debug|Any CPU
		{A5B8155A-118F-4794-B551-C6F3CF7E5411}.Debug|x64.ActiveCfg = Debug|Any CPU
		{A5B8155A-118F-4794-B551-C6F3CF7E5411}.Debug|x64.Build.0 = Debug|Any CPU
		{A5B8155A-118F-4794-B551-C6F3CF7E5411}.Debug|x86.ActiveCfg = Debug|Any CPU
		{A5B8155A-118F-4794-B551-C6F3CF7E5411}.Debug|x86.Build.0 = Debug|Any CPU
		{A5B8155A-118F-4794-B551-C6F3CF7E5411}.Release|Any CPU.ActiveCfg = Release|Any CPU
		{A5B8155A-118F-4794-B551-C6F3CF7E5411}.Release|Any CPU.Build.0 = Release|Any CPU
		{A5B8155A-118F-4794-B551-C6F3CF7E5411}.Release|ARM.ActiveCfg = Release|Any CPU
		{A5B8155A-118F-4794-B551-C6F3CF7E5411}.Release|ARM.Build.0 = Release|Any CPU
		{A5B8155A-118F-4794-B551-C6F3CF7E5411}.Release|ARM64.ActiveCfg = Release|Any CPU
		{A5B8155A-118F-4794-B551-C6F3CF7E5411}.Release|ARM64.Build.0 = Release|Any CPU
		{A5B8155A-118F-4794-B551-C6F3CF7E5411}.Release|iPhone.ActiveCfg = Release|Any CPU
		{A5B8155A-118F-4794-B551-C6F3CF7E5411}.Release|iPhone.Build.0 = Release|Any CPU
		{A5B8155A-118F-4794-B551-C6F3CF7E5411}.Release|iPhoneSimulator.ActiveCfg = Release|Any CPU
		{A5B8155A-118F-4794-B551-C6F3CF7E5411}.Release|iPhoneSimulator.Build.0 = Release|Any CPU
		{A5B8155A-118F-4794-B551-C6F3CF7E5411}.Release|x64.ActiveCfg = Release|Any CPU
		{A5B8155A-118F-4794-B551-C6F3CF7E5411}.Release|x64.Build.0 = Release|Any CPU
		{A5B8155A-118F-4794-B551-C6F3CF7E5411}.Release|x86.ActiveCfg = Release|Any CPU
		{A5B8155A-118F-4794-B551-C6F3CF7E5411}.Release|x86.Build.0 = Release|Any CPU
		{1AA13270-F438-4864-9435-54FD806E10EA}.Debug|Any CPU.ActiveCfg = Debug|x86
		{1AA13270-F438-4864-9435-54FD806E10EA}.Debug|Any CPU.Build.0 = Debug|x86
		{1AA13270-F438-4864-9435-54FD806E10EA}.Debug|ARM.ActiveCfg = Debug|Any CPU
		{1AA13270-F438-4864-9435-54FD806E10EA}.Debug|ARM.Build.0 = Debug|Any CPU
		{1AA13270-F438-4864-9435-54FD806E10EA}.Debug|ARM64.ActiveCfg = Debug|x86
		{1AA13270-F438-4864-9435-54FD806E10EA}.Debug|ARM64.Build.0 = Debug|x86
		{1AA13270-F438-4864-9435-54FD806E10EA}.Debug|iPhone.ActiveCfg = Debug|Any CPU
		{1AA13270-F438-4864-9435-54FD806E10EA}.Debug|iPhone.Build.0 = Debug|Any CPU
		{1AA13270-F438-4864-9435-54FD806E10EA}.Debug|iPhoneSimulator.ActiveCfg = Debug|Any CPU
		{1AA13270-F438-4864-9435-54FD806E10EA}.Debug|iPhoneSimulator.Build.0 = Debug|Any CPU
		{1AA13270-F438-4864-9435-54FD806E10EA}.Debug|x64.ActiveCfg = Debug|x86
		{1AA13270-F438-4864-9435-54FD806E10EA}.Debug|x64.Build.0 = Debug|x86
		{1AA13270-F438-4864-9435-54FD806E10EA}.Debug|x86.ActiveCfg = Debug|x86
		{1AA13270-F438-4864-9435-54FD806E10EA}.Debug|x86.Build.0 = Debug|x86
		{1AA13270-F438-4864-9435-54FD806E10EA}.Release|Any CPU.ActiveCfg = Release|Any CPU
		{1AA13270-F438-4864-9435-54FD806E10EA}.Release|Any CPU.Build.0 = Release|Any CPU
		{1AA13270-F438-4864-9435-54FD806E10EA}.Release|ARM.ActiveCfg = Release|Any CPU
		{1AA13270-F438-4864-9435-54FD806E10EA}.Release|ARM.Build.0 = Release|Any CPU
		{1AA13270-F438-4864-9435-54FD806E10EA}.Release|ARM64.ActiveCfg = Release|x86
		{1AA13270-F438-4864-9435-54FD806E10EA}.Release|ARM64.Build.0 = Release|x86
		{1AA13270-F438-4864-9435-54FD806E10EA}.Release|iPhone.ActiveCfg = Release|Any CPU
		{1AA13270-F438-4864-9435-54FD806E10EA}.Release|iPhone.Build.0 = Release|Any CPU
		{1AA13270-F438-4864-9435-54FD806E10EA}.Release|iPhoneSimulator.ActiveCfg = Release|Any CPU
		{1AA13270-F438-4864-9435-54FD806E10EA}.Release|iPhoneSimulator.Build.0 = Release|Any CPU
		{1AA13270-F438-4864-9435-54FD806E10EA}.Release|x64.ActiveCfg = Release|x86
		{1AA13270-F438-4864-9435-54FD806E10EA}.Release|x64.Build.0 = Release|x86
		{1AA13270-F438-4864-9435-54FD806E10EA}.Release|x86.ActiveCfg = Release|x86
		{1AA13270-F438-4864-9435-54FD806E10EA}.Release|x86.Build.0 = Release|x86
		{40EA03F7-8A22-4143-B251-79BAC3EB13D2}.Debug|Any CPU.ActiveCfg = Debug|Any CPU
		{40EA03F7-8A22-4143-B251-79BAC3EB13D2}.Debug|Any CPU.Build.0 = Debug|Any CPU
		{40EA03F7-8A22-4143-B251-79BAC3EB13D2}.Debug|ARM.ActiveCfg = Debug|Any CPU
		{40EA03F7-8A22-4143-B251-79BAC3EB13D2}.Debug|ARM.Build.0 = Debug|Any CPU
		{40EA03F7-8A22-4143-B251-79BAC3EB13D2}.Debug|ARM64.ActiveCfg = Debug|Any CPU
		{40EA03F7-8A22-4143-B251-79BAC3EB13D2}.Debug|ARM64.Build.0 = Debug|Any CPU
		{40EA03F7-8A22-4143-B251-79BAC3EB13D2}.Debug|iPhone.ActiveCfg = Debug|Any CPU
		{40EA03F7-8A22-4143-B251-79BAC3EB13D2}.Debug|iPhone.Build.0 = Debug|Any CPU
		{40EA03F7-8A22-4143-B251-79BAC3EB13D2}.Debug|iPhoneSimulator.ActiveCfg = Debug|Any CPU
		{40EA03F7-8A22-4143-B251-79BAC3EB13D2}.Debug|iPhoneSimulator.Build.0 = Debug|Any CPU
		{40EA03F7-8A22-4143-B251-79BAC3EB13D2}.Debug|x64.ActiveCfg = Debug|Any CPU
		{40EA03F7-8A22-4143-B251-79BAC3EB13D2}.Debug|x64.Build.0 = Debug|Any CPU
		{40EA03F7-8A22-4143-B251-79BAC3EB13D2}.Debug|x86.ActiveCfg = Debug|Any CPU
		{40EA03F7-8A22-4143-B251-79BAC3EB13D2}.Debug|x86.Build.0 = Debug|Any CPU
		{40EA03F7-8A22-4143-B251-79BAC3EB13D2}.Release|Any CPU.ActiveCfg = Release|Any CPU
		{40EA03F7-8A22-4143-B251-79BAC3EB13D2}.Release|Any CPU.Build.0 = Release|Any CPU
		{40EA03F7-8A22-4143-B251-79BAC3EB13D2}.Release|ARM.ActiveCfg = Release|Any CPU
		{40EA03F7-8A22-4143-B251-79BAC3EB13D2}.Release|ARM.Build.0 = Release|Any CPU
		{40EA03F7-8A22-4143-B251-79BAC3EB13D2}.Release|ARM64.ActiveCfg = Release|Any CPU
		{40EA03F7-8A22-4143-B251-79BAC3EB13D2}.Release|ARM64.Build.0 = Release|Any CPU
		{40EA03F7-8A22-4143-B251-79BAC3EB13D2}.Release|iPhone.ActiveCfg = Release|Any CPU
		{40EA03F7-8A22-4143-B251-79BAC3EB13D2}.Release|iPhone.Build.0 = Release|Any CPU
		{40EA03F7-8A22-4143-B251-79BAC3EB13D2}.Release|iPhoneSimulator.ActiveCfg = Release|Any CPU
		{40EA03F7-8A22-4143-B251-79BAC3EB13D2}.Release|iPhoneSimulator.Build.0 = Release|Any CPU
		{40EA03F7-8A22-4143-B251-79BAC3EB13D2}.Release|x64.ActiveCfg = Release|Any CPU
		{40EA03F7-8A22-4143-B251-79BAC3EB13D2}.Release|x64.Build.0 = Release|Any CPU
		{40EA03F7-8A22-4143-B251-79BAC3EB13D2}.Release|x86.ActiveCfg = Release|Any CPU
		{40EA03F7-8A22-4143-B251-79BAC3EB13D2}.Release|x86.Build.0 = Release|Any CPU
		{10D2DA92-93AC-4600-8096-F506771A6875}.Debug|Any CPU.ActiveCfg = Debug|iPhoneSimulator
		{10D2DA92-93AC-4600-8096-F506771A6875}.Debug|Any CPU.Build.0 = Debug|iPhoneSimulator
		{10D2DA92-93AC-4600-8096-F506771A6875}.Debug|ARM.ActiveCfg = Debug|iPhoneSimulator
		{10D2DA92-93AC-4600-8096-F506771A6875}.Debug|ARM64.ActiveCfg = Debug|iPhoneSimulator
		{10D2DA92-93AC-4600-8096-F506771A6875}.Debug|iPhone.ActiveCfg = Debug|iPhoneSimulator
		{10D2DA92-93AC-4600-8096-F506771A6875}.Debug|iPhone.Build.0 = Debug|iPhoneSimulator
		{10D2DA92-93AC-4600-8096-F506771A6875}.Debug|iPhoneSimulator.ActiveCfg = Debug|iPhoneSimulator
		{10D2DA92-93AC-4600-8096-F506771A6875}.Debug|iPhoneSimulator.Build.0 = Debug|iPhoneSimulator
		{10D2DA92-93AC-4600-8096-F506771A6875}.Debug|x64.ActiveCfg = Debug|iPhoneSimulator
		{10D2DA92-93AC-4600-8096-F506771A6875}.Debug|x64.Build.0 = Debug|iPhoneSimulator
		{10D2DA92-93AC-4600-8096-F506771A6875}.Debug|x86.ActiveCfg = Debug|iPhoneSimulator
		{10D2DA92-93AC-4600-8096-F506771A6875}.Debug|x86.Build.0 = Debug|iPhoneSimulator
		{10D2DA92-93AC-4600-8096-F506771A6875}.Release|Any CPU.ActiveCfg = Release|iPhoneSimulator
		{10D2DA92-93AC-4600-8096-F506771A6875}.Release|ARM.ActiveCfg = Release|iPhoneSimulator
		{10D2DA92-93AC-4600-8096-F506771A6875}.Release|ARM64.ActiveCfg = Release|iPhoneSimulator
		{10D2DA92-93AC-4600-8096-F506771A6875}.Release|iPhone.ActiveCfg = Release|iPhoneSimulator
		{10D2DA92-93AC-4600-8096-F506771A6875}.Release|iPhone.Build.0 = Release|iPhoneSimulator
		{10D2DA92-93AC-4600-8096-F506771A6875}.Release|iPhoneSimulator.ActiveCfg = Release|iPhoneSimulator
		{10D2DA92-93AC-4600-8096-F506771A6875}.Release|iPhoneSimulator.Build.0 = Release|iPhoneSimulator
		{10D2DA92-93AC-4600-8096-F506771A6875}.Release|x64.ActiveCfg = Release|iPhoneSimulator
		{10D2DA92-93AC-4600-8096-F506771A6875}.Release|x64.Build.0 = Release|iPhoneSimulator
		{10D2DA92-93AC-4600-8096-F506771A6875}.Release|x86.ActiveCfg = Release|iPhoneSimulator
		{10D2DA92-93AC-4600-8096-F506771A6875}.Release|x86.Build.0 = Release|iPhoneSimulator
		{04D3A50A-BD96-4168-A331-3AC5E63800DE}.Debug|Any CPU.ActiveCfg = Debug|arm64
		{04D3A50A-BD96-4168-A331-3AC5E63800DE}.Debug|Any CPU.Build.0 = Debug|arm64
		{04D3A50A-BD96-4168-A331-3AC5E63800DE}.Debug|ARM.ActiveCfg = Debug|Any CPU
		{04D3A50A-BD96-4168-A331-3AC5E63800DE}.Debug|ARM.Build.0 = Debug|Any CPU
		{04D3A50A-BD96-4168-A331-3AC5E63800DE}.Debug|ARM64.ActiveCfg = Debug|arm64
		{04D3A50A-BD96-4168-A331-3AC5E63800DE}.Debug|ARM64.Build.0 = Debug|arm64
		{04D3A50A-BD96-4168-A331-3AC5E63800DE}.Debug|iPhone.ActiveCfg = Debug|Any CPU
		{04D3A50A-BD96-4168-A331-3AC5E63800DE}.Debug|iPhone.Build.0 = Debug|Any CPU
		{04D3A50A-BD96-4168-A331-3AC5E63800DE}.Debug|iPhoneSimulator.ActiveCfg = Debug|Any CPU
		{04D3A50A-BD96-4168-A331-3AC5E63800DE}.Debug|iPhoneSimulator.Build.0 = Debug|Any CPU
		{04D3A50A-BD96-4168-A331-3AC5E63800DE}.Debug|x64.ActiveCfg = Debug|x64
		{04D3A50A-BD96-4168-A331-3AC5E63800DE}.Debug|x64.Build.0 = Debug|x64
		{04D3A50A-BD96-4168-A331-3AC5E63800DE}.Debug|x86.ActiveCfg = Debug|x86
		{04D3A50A-BD96-4168-A331-3AC5E63800DE}.Debug|x86.Build.0 = Debug|x86
		{04D3A50A-BD96-4168-A331-3AC5E63800DE}.Release|Any CPU.ActiveCfg = Release|Any CPU
		{04D3A50A-BD96-4168-A331-3AC5E63800DE}.Release|Any CPU.Build.0 = Release|Any CPU
		{04D3A50A-BD96-4168-A331-3AC5E63800DE}.Release|ARM.ActiveCfg = Release|Any CPU
		{04D3A50A-BD96-4168-A331-3AC5E63800DE}.Release|ARM.Build.0 = Release|Any CPU
		{04D3A50A-BD96-4168-A331-3AC5E63800DE}.Release|ARM64.ActiveCfg = Release|arm64
		{04D3A50A-BD96-4168-A331-3AC5E63800DE}.Release|ARM64.Build.0 = Release|arm64
		{04D3A50A-BD96-4168-A331-3AC5E63800DE}.Release|iPhone.ActiveCfg = Release|Any CPU
		{04D3A50A-BD96-4168-A331-3AC5E63800DE}.Release|iPhone.Build.0 = Release|Any CPU
		{04D3A50A-BD96-4168-A331-3AC5E63800DE}.Release|iPhoneSimulator.ActiveCfg = Release|Any CPU
		{04D3A50A-BD96-4168-A331-3AC5E63800DE}.Release|iPhoneSimulator.Build.0 = Release|Any CPU
		{04D3A50A-BD96-4168-A331-3AC5E63800DE}.Release|x64.ActiveCfg = Release|x64
		{04D3A50A-BD96-4168-A331-3AC5E63800DE}.Release|x64.Build.0 = Release|x64
		{04D3A50A-BD96-4168-A331-3AC5E63800DE}.Release|x86.ActiveCfg = Release|x86
		{04D3A50A-BD96-4168-A331-3AC5E63800DE}.Release|x86.Build.0 = Release|x86
	EndGlobalSection
	GlobalSection(SolutionProperties) = preSolution
		HideSolutionNode = FALSE
	EndGlobalSection
	GlobalSection(ExtensibilityGlobals) = postSolution
		SolutionGuid = {C7433AE2-B1A0-4C1A-887E-5CAA7AAF67A6}
	EndGlobalSection
EndGlobal
